
Microsoft Visual Studio Solution File, Format Version 12.00
# Visual Studio Version 16
VisualStudioVersion = 16.0.31424.327
MinimumVisualStudioVersion = 10.0.40219.1
Project("{FAE04EC0-301F-11D3-BF4B-00C04F79EFBC}") = "restaurant", "restaurant\restaurant.csproj", "{878F85FD-1C42-4160-89F9-A25DE37FDF05}"
EndProject
Global
	GlobalSection(SolutionConfigurationPlatforms) = preSolution
		Debug|Any CPU = Debug|Any CPU
		Release|Any CPU = Release|Any CPU
	EndGlobalSection
	GlobalSection(ProjectConfigurationPlatforms) = postSolution
		{878F85FD-1C42-4160-89F9-A25DE37FDF05}.Debug|Any CPU.ActiveCfg = Debug|Any CPU
		{878F85FD-1C42-4160-89F9-A25DE37FDF05}.Debug|Any CPU.Build.0 = Debug|Any CPU
		{878F85FD-1C42-4160-89F9-A25DE37FDF05}.Release|Any CPU.ActiveCfg = Release|Any CPU
		{878F85FD-1C42-4160-89F9-A25DE37FDF05}.Release|Any CPU.Build.0 = Release|Any CPU
	EndGlobalSection
	GlobalSection(SolutionProperties) = preSolution
		HideSolutionNode = FALSE
	EndGlobalSection
	GlobalSection(ExtensibilityGlobals) = postSolution
		SolutionGuid = {42EB99B4-B14E-47E2-B31C-E7C06056FA89}
	EndGlobalSection
EndGlobal
